// !$*UTF8*$!
{
	archiveVersion = 1;
	classes = {
	};
	objectVersion = 50;
	objects = {

/* Begin PBXBuildFile section */
		03149BB426E27E7400C63BB4 /* HomeStatsView.swift in Sources */ = {isa = PBXBuildFile; fileRef = 03149BB326E27E7400C63BB4 /* HomeStatsView.swift */; };
		03149BB626E27F2F00C63BB4 /* StatisticInfo.swift in Sources */ = {isa = PBXBuildFile; fileRef = 03149BB526E27F2F00C63BB4 /* StatisticInfo.swift */; };
		03149BC126E2945200C63BB4 /* SearchBarView.swift in Sources */ = {isa = PBXBuildFile; fileRef = 03149BC026E2945200C63BB4 /* SearchBarView.swift */; };
		03149BCA26E2A4E600C63BB4 /* PortfolioDataManager.swift in Sources */ = {isa = PBXBuildFile; fileRef = 03149BC926E2A4E600C63BB4 /* PortfolioDataManager.swift */; };
		03149BCD26E2DB4100C63BB4 /* CryptoPortfolio.xcdatamodeld in Sources */ = {isa = PBXBuildFile; fileRef = 03149BCB26E2DB4100C63BB4 /* CryptoPortfolio.xcdatamodeld */; };
		03149BCF26E2E04A00C63BB4 /* PortfolioEditorView.swift in Sources */ = {isa = PBXBuildFile; fileRef = 03149BCE26E2E04900C63BB4 /* PortfolioEditorView.swift */; };
		033A3EAF26E4241200736409 /* UtilityViews.swift in Sources */ = {isa = PBXBuildFile; fileRef = 033A3EAE26E4241200736409 /* UtilityViews.swift */; };
		03E3137626E1ADE00037A72F /* CryptoApp.swift in Sources */ = {isa = PBXBuildFile; fileRef = 03E3137526E1ADE00037A72F /* CryptoApp.swift */; };
		03E3137826E1ADE00037A72F /* HomeView.swift in Sources */ = {isa = PBXBuildFile; fileRef = 03E3137726E1ADE00037A72F /* HomeView.swift */; };
		03E3137A26E1ADE40037A72F /* Assets.xcassets in Resources */ = {isa = PBXBuildFile; fileRef = 03E3137926E1ADE40037A72F /* Assets.xcassets */; };
		03E3137D26E1ADE40037A72F /* Preview Assets.xcassets in Resources */ = {isa = PBXBuildFile; fileRef = 03E3137C26E1ADE40037A72F /* Preview Assets.xcassets */; };
		03E3138526E1B1680037A72F /* UtilityExtensions.swift in Sources */ = {isa = PBXBuildFile; fileRef = 03E3138426E1B1680037A72F /* UtilityExtensions.swift */; };
		03E3138726E1B5270037A72F /* NetworkingManager.swift in Sources */ = {isa = PBXBuildFile; fileRef = 03E3138626E1B5270037A72F /* NetworkingManager.swift */; };
		03E3138926E1B75B0037A72F /* CoinInfo.swift in Sources */ = {isa = PBXBuildFile; fileRef = 03E3138826E1B75B0037A72F /* CoinInfo.swift */; };
		03E3138B26E1BF790037A72F /* CoinMarketDataService.swift in Sources */ = {isa = PBXBuildFile; fileRef = 03E3138A26E1BF790037A72F /* CoinMarketDataService.swift */; };
		03E3138E26E1BFE90037A72F /* HomeStore.swift in Sources */ = {isa = PBXBuildFile; fileRef = 03E3138D26E1BFE90037A72F /* HomeStore.swift */; };
		03E3139026E1C49E0037A72F /* CoinRowView.swift in Sources */ = {isa = PBXBuildFile; fileRef = 03E3138F26E1C49E0037A72F /* CoinRowView.swift */; };
		03E3139326E1D57A0037A72F /* CoinImageView.swift in Sources */ = {isa = PBXBuildFile; fileRef = 03E3139226E1D57A0037A72F /* CoinImageView.swift */; };
		03E3139526E1D5FB0037A72F /* CoinImageStore.swift in Sources */ = {isa = PBXBuildFile; fileRef = 03E3139426E1D5FB0037A72F /* CoinImageStore.swift */; };
		03E3139A26E1D8010037A72F /* CoinImageService.swift in Sources */ = {isa = PBXBuildFile; fileRef = 03E3139926E1D8010037A72F /* CoinImageService.swift */; };
		03E3139E26E1E2160037A72F /* ImageCachingManager.swift in Sources */ = {isa = PBXBuildFile; fileRef = 03E3139D26E1E2160037A72F /* ImageCachingManager.swift */; };
		03E313A026E1F7A70037A72F /* GlobalData.swift in Sources */ = {isa = PBXBuildFile; fileRef = 03E3139F26E1F7A70037A72F /* GlobalData.swift */; };
		03E313A326E1FD430037A72F /* GlobalDataService.swift in Sources */ = {isa = PBXBuildFile; fileRef = 03E313A226E1FD430037A72F /* GlobalDataService.swift */; };
		03E313A526E1FE400037A72F /* StatisticInfoView.swift in Sources */ = {isa = PBXBuildFile; fileRef = 03E313A426E1FE400037A72F /* StatisticInfoView.swift */; };
/* End PBXBuildFile section */

/* Begin PBXFileReference section */
		03149BB326E27E7400C63BB4 /* HomeStatsView.swift */ = {isa = PBXFileReference; lastKnownFileType = sourcecode.swift; path = HomeStatsView.swift; sourceTree = "<group>"; };
		03149BB526E27F2F00C63BB4 /* StatisticInfo.swift */ = {isa = PBXFileReference; lastKnownFileType = sourcecode.swift; path = StatisticInfo.swift; sourceTree = "<group>"; };
		03149BC026E2945200C63BB4 /* SearchBarView.swift */ = {isa = PBXFileReference; lastKnownFileType = sourcecode.swift; path = SearchBarView.swift; sourceTree = "<group>"; };
		03149BC926E2A4E600C63BB4 /* PortfolioDataManager.swift */ = {isa = PBXFileReference; lastKnownFileType = sourcecode.swift; path = PortfolioDataManager.swift; sourceTree = "<group>"; };
		03149BCC26E2DB4100C63BB4 /* CryptoPortfolio.xcdatamodel */ = {isa = PBXFileReference; lastKnownFileType = wrapper.xcdatamodel; path = CryptoPortfolio.xcdatamodel; sourceTree = "<group>"; };
		03149BCE26E2E04900C63BB4 /* PortfolioEditorView.swift */ = {isa = PBXFileReference; lastKnownFileType = sourcecode.swift; path = PortfolioEditorView.swift; sourceTree = "<group>"; };
		033A3EAE26E4241200736409 /* UtilityViews.swift */ = {isa = PBXFileReference; lastKnownFileType = sourcecode.swift; path = UtilityViews.swift; sourceTree = "<group>"; };
		03E3137226E1ADE00037A72F /* Crypto.app */ = {isa = PBXFileReference; explicitFileType = wrapper.application; includeInIndex = 0; path = Crypto.app; sourceTree = BUILT_PRODUCTS_DIR; };
		03E3137526E1ADE00037A72F /* CryptoApp.swift */ = {isa = PBXFileReference; lastKnownFileType = sourcecode.swift; path = CryptoApp.swift; sourceTree = "<group>"; };
		03E3137726E1ADE00037A72F /* HomeView.swift */ = {isa = PBXFileReference; lastKnownFileType = sourcecode.swift; path = HomeView.swift; sourceTree = "<group>"; };
		03E3137926E1ADE40037A72F /* Assets.xcassets */ = {isa = PBXFileReference; lastKnownFileType = folder.assetcatalog; path = Assets.xcassets; sourceTree = "<group>"; };
		03E3137C26E1ADE40037A72F /* Preview Assets.xcassets */ = {isa = PBXFileReference; lastKnownFileType = folder.assetcatalog; path = "Preview Assets.xcassets"; sourceTree = "<group>"; };
		03E3137E26E1ADE40037A72F /* Info.plist */ = {isa = PBXFileReference; lastKnownFileType = text.plist.xml; path = Info.plist; sourceTree = "<group>"; };
		03E3138426E1B1680037A72F /* UtilityExtensions.swift */ = {isa = PBXFileReference; lastKnownFileType = sourcecode.swift; path = UtilityExtensions.swift; sourceTree = "<group>"; };
		03E3138626E1B5270037A72F /* NetworkingManager.swift */ = {isa = PBXFileReference; lastKnownFileType = sourcecode.swift; path = NetworkingManager.swift; sourceTree = "<group>"; };
		03E3138826E1B75B0037A72F /* CoinInfo.swift */ = {isa = PBXFileReference; lastKnownFileType = sourcecode.swift; path = CoinInfo.swift; sourceTree = "<group>"; };
		03E3138A26E1BF790037A72F /* CoinMarketDataService.swift */ = {isa = PBXFileReference; lastKnownFileType = sourcecode.swift; path = CoinMarketDataService.swift; sourceTree = "<group>"; };
		03E3138D26E1BFE90037A72F /* HomeStore.swift */ = {isa = PBXFileReference; lastKnownFileType = sourcecode.swift; path = HomeStore.swift; sourceTree = "<group>"; };
		03E3138F26E1C49E0037A72F /* CoinRowView.swift */ = {isa = PBXFileReference; lastKnownFileType = sourcecode.swift; path = CoinRowView.swift; sourceTree = "<group>"; };
		03E3139226E1D57A0037A72F /* CoinImageView.swift */ = {isa = PBXFileReference; lastKnownFileType = sourcecode.swift; path = CoinImageView.swift; sourceTree = "<group>"; };
		03E3139426E1D5FB0037A72F /* CoinImageStore.swift */ = {isa = PBXFileReference; lastKnownFileType = sourcecode.swift; path = CoinImageStore.swift; sourceTree = "<group>"; };
		03E3139926E1D8010037A72F /* CoinImageService.swift */ = {isa = PBXFileReference; lastKnownFileType = sourcecode.swift; path = CoinImageService.swift; sourceTree = "<group>"; };
		03E3139D26E1E2160037A72F /* ImageCachingManager.swift */ = {isa = PBXFileReference; lastKnownFileType = sourcecode.swift; path = ImageCachingManager.swift; sourceTree = "<group>"; };
		03E3139F26E1F7A70037A72F /* GlobalData.swift */ = {isa = PBXFileReference; lastKnownFileType = sourcecode.swift; path = GlobalData.swift; sourceTree = "<group>"; };
		03E313A226E1FD430037A72F /* GlobalDataService.swift */ = {isa = PBXFileReference; lastKnownFileType = sourcecode.swift; path = GlobalDataService.swift; sourceTree = "<group>"; };
		03E313A426E1FE400037A72F /* StatisticInfoView.swift */ = {isa = PBXFileReference; lastKnownFileType = sourcecode.swift; path = StatisticInfoView.swift; sourceTree = "<group>"; };
/* End PBXFileReference section */

/* Begin PBXFrameworksBuildPhase section */
		03E3136F26E1ADE00037A72F /* Frameworks */ = {
			isa = PBXFrameworksBuildPhase;
			buildActionMask = 2147483647;
			files = (
			);
			runOnlyForDeploymentPostprocessing = 0;
		};
/* End PBXFrameworksBuildPhase section */

/* Begin PBXGroup section */
		03149BB726E284C300C63BB4 /* Models */ = {
			isa = PBXGroup;
			children = (
				03E3138826E1B75B0037A72F /* CoinInfo.swift */,
				03E3139F26E1F7A70037A72F /* GlobalData.swift */,
				03149BCB26E2DB4100C63BB4 /* CryptoPortfolio.xcdatamodeld */,
			);
			path = Models;
			sourceTree = "<group>";
		};
		03149BB926E284E500C63BB4 /* Views */ = {
			isa = PBXGroup;
			children = (
				03E3137726E1ADE00037A72F /* HomeView.swift */,
				03149BB326E27E7400C63BB4 /* HomeStatsView.swift */,
				03149BC026E2945200C63BB4 /* SearchBarView.swift */,
				03E3138F26E1C49E0037A72F /* CoinRowView.swift */,
				03149BCE26E2E04900C63BB4 /* PortfolioEditorView.swift */,
			);
			path = Views;
			sourceTree = "<group>";
		};
		03149BBA26E284FB00C63BB4 /* ViewModels */ = {
			isa = PBXGroup;
			children = (
				03E3138D26E1BFE90037A72F /* HomeStore.swift */,
				03E3138A26E1BF790037A72F /* CoinMarketDataService.swift */,
				03E313A226E1FD430037A72F /* GlobalDataService.swift */,
				03149BC926E2A4E600C63BB4 /* PortfolioDataManager.swift */,
			);
			path = ViewModels;
			sourceTree = "<group>";
		};
		03E3136926E1ADE00037A72F = {
			isa = PBXGroup;
			children = (
				03E3137426E1ADE00037A72F /* Crypto */,
				03E3137326E1ADE00037A72F /* Products */,
			);
			sourceTree = "<group>";
		};
		03E3137326E1ADE00037A72F /* Products */ = {
			isa = PBXGroup;
			children = (
				03E3137226E1ADE00037A72F /* Crypto.app */,
			);
			name = Products;
			sourceTree = "<group>";
		};
		03E3137426E1ADE00037A72F /* Crypto */ = {
			isa = PBXGroup;
			children = (
				03E3137526E1ADE00037A72F /* CryptoApp.swift */,
				03E3139C26E1DB260037A72F /* Home */,
				03E3139B26E1DB1E0037A72F /* CoinImage */,
				03E313A126E1FCDD0037A72F /* StatisticInfo */,
				03E3139726E1D6B90037A72F /* Utilities */,
				03E3137926E1ADE40037A72F /* Assets.xcassets */,
				03E3137E26E1ADE40037A72F /* Info.plist */,
				03E3137B26E1ADE40037A72F /* Preview Content */,
			);
			path = Crypto;
			sourceTree = "<group>";
		};
		03E3137B26E1ADE40037A72F /* Preview Content */ = {
			isa = PBXGroup;
			children = (
				03E3137C26E1ADE40037A72F /* Preview Assets.xcassets */,
			);
			path = "Preview Content";
			sourceTree = "<group>";
		};
		03E3139726E1D6B90037A72F /* Utilities */ = {
			isa = PBXGroup;
			children = (
				03E3138426E1B1680037A72F /* UtilityExtensions.swift */,
				033A3EAE26E4241200736409 /* UtilityViews.swift */,
				03E3138626E1B5270037A72F /* NetworkingManager.swift */,
				03E3139D26E1E2160037A72F /* ImageCachingManager.swift */,
			);
			path = Utilities;
			sourceTree = "<group>";
		};
		03E3139B26E1DB1E0037A72F /* CoinImage */ = {
			isa = PBXGroup;
			children = (
				03E3139226E1D57A0037A72F /* CoinImageView.swift */,
				03E3139926E1D8010037A72F /* CoinImageService.swift */,
				03E3139426E1D5FB0037A72F /* CoinImageStore.swift */,
			);
			path = CoinImage;
			sourceTree = "<group>";
		};
		03E3139C26E1DB260037A72F /* Home */ = {
			isa = PBXGroup;
			children = (
				03149BB926E284E500C63BB4 /* Views */,
				03149BB726E284C300C63BB4 /* Models */,
				03149BBA26E284FB00C63BB4 /* ViewModels */,
			);
			path = Home;
			sourceTree = "<group>";
		};
		03E313A126E1FCDD0037A72F /* StatisticInfo */ = {
			isa = PBXGroup;
			children = (
				03149BB526E27F2F00C63BB4 /* StatisticInfo.swift */,
				03E313A426E1FE400037A72F /* StatisticInfoView.swift */,
			);
			path = StatisticInfo;
			sourceTree = "<group>";
		};
/* End PBXGroup section */

/* Begin PBXNativeTarget section */
		03E3137126E1ADE00037A72F /* Crypto */ = {
			isa = PBXNativeTarget;
			buildConfigurationList = 03E3138126E1ADE40037A72F /* Build configuration list for PBXNativeTarget "Crypto" */;
			buildPhases = (
				03E3136E26E1ADE00037A72F /* Sources */,
				03E3136F26E1ADE00037A72F /* Frameworks */,
				03E3137026E1ADE00037A72F /* Resources */,
			);
			buildRules = (
			);
			dependencies = (
			);
			name = Crypto;
			productName = Crypto;
			productReference = 03E3137226E1ADE00037A72F /* Crypto.app */;
			productType = "com.apple.product-type.application";
		};
/* End PBXNativeTarget section */

/* Begin PBXProject section */
		03E3136A26E1ADE00037A72F /* Project object */ = {
			isa = PBXProject;
			attributes = {
				LastSwiftUpdateCheck = 1250;
				LastUpgradeCheck = 1250;
				TargetAttributes = {
					03E3137126E1ADE00037A72F = {
						CreatedOnToolsVersion = 12.5.1;
					};
				};
			};
			buildConfigurationList = 03E3136D26E1ADE00037A72F /* Build configuration list for PBXProject "Crypto" */;
			compatibilityVersion = "Xcode 9.3";
			developmentRegion = en;
			hasScannedForEncodings = 0;
			knownRegions = (
				en,
				Base,
			);
			mainGroup = 03E3136926E1ADE00037A72F;
			productRefGroup = 03E3137326E1ADE00037A72F /* Products */;
			projectDirPath = "";
			projectRoot = "";
			targets = (
				03E3137126E1ADE00037A72F /* Crypto */,
			);
		};
/* End PBXProject section */

/* Begin PBXResourcesBuildPhase section */
		03E3137026E1ADE00037A72F /* Resources */ = {
			isa = PBXResourcesBuildPhase;
			buildActionMask = 2147483647;
			files = (
				03E3137D26E1ADE40037A72F /* Preview Assets.xcassets in Resources */,
				03E3137A26E1ADE40037A72F /* Assets.xcassets in Resources */,
			);
			runOnlyForDeploymentPostprocessing = 0;
		};
/* End PBXResourcesBuildPhase section */

/* Begin PBXSourcesBuildPhase section */
		03E3136E26E1ADE00037A72F /* Sources */ = {
			isa = PBXSourcesBuildPhase;
			buildActionMask = 2147483647;
			files = (
				03E313A526E1FE400037A72F /* StatisticInfoView.swift in Sources */,
				03E3139026E1C49E0037A72F /* CoinRowView.swift in Sources */,
				03E3137826E1ADE00037A72F /* HomeView.swift in Sources */,
				033A3EAF26E4241200736409 /* UtilityViews.swift in Sources */,
				03E3138726E1B5270037A72F /* NetworkingManager.swift in Sources */,
				03E3138E26E1BFE90037A72F /* HomeStore.swift in Sources */,
				03149BB426E27E7400C63BB4 /* HomeStatsView.swift in Sources */,
				03E3138B26E1BF790037A72F /* CoinMarketDataService.swift in Sources */,
				03E3139A26E1D8010037A72F /* CoinImageService.swift in Sources */,
				03149BCF26E2E04A00C63BB4 /* PortfolioEditorView.swift in Sources */,
				03E3139526E1D5FB0037A72F /* CoinImageStore.swift in Sources */,
				03E3138526E1B1680037A72F /* UtilityExtensions.swift in Sources */,
				03149BCA26E2A4E600C63BB4 /* PortfolioDataManager.swift in Sources */,
				03149BC126E2945200C63BB4 /* SearchBarView.swift in Sources */,
				03E313A026E1F7A70037A72F /* GlobalData.swift in Sources */,
				03E3138926E1B75B0037A72F /* CoinInfo.swift in Sources */,
				03E3137626E1ADE00037A72F /* CryptoApp.swift in Sources */,
				03E3139326E1D57A0037A72F /* CoinImageView.swift in Sources */,
				03149BB626E27F2F00C63BB4 /* StatisticInfo.swift in Sources */,
				03E313A326E1FD430037A72F /* GlobalDataService.swift in Sources */,
				03E3139E26E1E2160037A72F /* ImageCachingManager.swift in Sources */,
				03149BCD26E2DB4100C63BB4 /* CryptoPortfolio.xcdatamodeld in Sources */,
			);
			runOnlyForDeploymentPostprocessing = 0;
		};
/* End PBXSourcesBuildPhase section */

/* Begin XCBuildConfiguration section */
		03E3137F26E1ADE40037A72F /* Debug */ = {
			isa = XCBuildConfiguration;
			buildSettings = {
				ALWAYS_SEARCH_USER_PATHS = NO;
				CLANG_ANALYZER_NONNULL = YES;
				CLANG_ANALYZER_NUMBER_OBJECT_CONVERSION = YES_AGGRESSIVE;
				CLANG_CXX_LANGUAGE_STANDARD = "gnu++14";
				CLANG_CXX_LIBRARY = "libc++";
				CLANG_ENABLE_MODULES = YES;
				CLANG_ENABLE_OBJC_ARC = YES;
				CLANG_ENABLE_OBJC_WEAK = YES;
				CLANG_WARN_BLOCK_CAPTURE_AUTORELEASING = YES;
				CLANG_WARN_BOOL_CONVERSION = YES;
				CLANG_WARN_COMMA = YES;
				CLANG_WARN_CONSTANT_CONVERSION = YES;
				CLANG_WARN_DEPRECATED_OBJC_IMPLEMENTATIONS = YES;
				CLANG_WARN_DIRECT_OBJC_ISA_USAGE = YES_ERROR;
				CLANG_WARN_DOCUMENTATION_COMMENTS = YES;
				CLANG_WARN_EMPTY_BODY = YES;
				CLANG_WARN_ENUM_CONVERSION = YES;
				CLANG_WARN_INFINITE_RECURSION = YES;
				CLANG_WARN_INT_CONVERSION = YES;
				CLANG_WARN_NON_LITERAL_NULL_CONVERSION = YES;
				CLANG_WARN_OBJC_IMPLICIT_RETAIN_SELF = YES;
				CLANG_WARN_OBJC_LITERAL_CONVERSION = YES;
				CLANG_WARN_OBJC_ROOT_CLASS = YES_ERROR;
				CLANG_WARN_QUOTED_INCLUDE_IN_FRAMEWORK_HEADER = YES;
				CLANG_WARN_RANGE_LOOP_ANALYSIS = YES;
				CLANG_WARN_STRICT_PROTOTYPES = YES;
				CLANG_WARN_SUSPICIOUS_MOVE = YES;
				CLANG_WARN_UNGUARDED_AVAILABILITY = YES_AGGRESSIVE;
				CLANG_WARN_UNREACHABLE_CODE = YES;
				CLANG_WARN__DUPLICATE_METHOD_MATCH = YES;
				COPY_PHASE_STRIP = NO;
				DEBUG_INFORMATION_FORMAT = dwarf;
				ENABLE_STRICT_OBJC_MSGSEND = YES;
				ENABLE_TESTABILITY = YES;
				GCC_C_LANGUAGE_STANDARD = gnu11;
				GCC_DYNAMIC_NO_PIC = NO;
				GCC_NO_COMMON_BLOCKS = YES;
				GCC_OPTIMIZATION_LEVEL = 0;
				GCC_PREPROCESSOR_DEFINITIONS = (
					"DEBUG=1",
					"$(inherited)",
				);
				GCC_WARN_64_TO_32_BIT_CONVERSION = YES;
				GCC_WARN_ABOUT_RETURN_TYPE = YES_ERROR;
				GCC_WARN_UNDECLARED_SELECTOR = YES;
				GCC_WARN_UNINITIALIZED_AUTOS = YES_AGGRESSIVE;
				GCC_WARN_UNUSED_FUNCTION = YES;
				GCC_WARN_UNUSED_VARIABLE = YES;
				IPHONEOS_DEPLOYMENT_TARGET = 14.5;
				MTL_ENABLE_DEBUG_INFO = INCLUDE_SOURCE;
				MTL_FAST_MATH = YES;
				ONLY_ACTIVE_ARCH = YES;
				SDKROOT = iphoneos;
				SWIFT_ACTIVE_COMPILATION_CONDITIONS = DEBUG;
				SWIFT_OPTIMIZATION_LEVEL = "-Onone";
			};
			name = Debug;
		};
		03E3138026E1ADE40037A72F /* Release */ = {
			isa = XCBuildConfiguration;
			buildSettings = {
				ALWAYS_SEARCH_USER_PATHS = NO;
				CLANG_ANALYZER_NONNULL = YES;
				CLANG_ANALYZER_NUMBER_OBJECT_CONVERSION = YES_AGGRESSIVE;
				CLANG_CXX_LANGUAGE_STANDARD = "gnu++14";
				CLANG_CXX_LIBRARY = "libc++";
				CLANG_ENABLE_MODULES = YES;
				CLANG_ENABLE_OBJC_ARC = YES;
				CLANG_ENABLE_OBJC_WEAK = YES;
				CLANG_WARN_BLOCK_CAPTURE_AUTORELEASING = YES;
				CLANG_WARN_BOOL_CONVERSION = YES;
				CLANG_WARN_COMMA = YES;
				CLANG_WARN_CONSTANT_CONVERSION = YES;
				CLANG_WARN_DEPRECATED_OBJC_IMPLEMENTATIONS = YES;
				CLANG_WARN_DIRECT_OBJC_ISA_USAGE = YES_ERROR;
				CLANG_WARN_DOCUMENTATION_COMMENTS = YES;
				CLANG_WARN_EMPTY_BODY = YES;
				CLANG_WARN_ENUM_CONVERSION = YES;
				CLANG_WARN_INFINITE_RECURSION = YES;
				CLANG_WARN_INT_CONVERSION = YES;
				CLANG_WARN_NON_LITERAL_NULL_CONVERSION = YES;
				CLANG_WARN_OBJC_IMPLICIT_RETAIN_SELF = YES;
				CLANG_WARN_OBJC_LITERAL_CONVERSION = YES;
				CLANG_WARN_OBJC_ROOT_CLASS = YES_ERROR;
				CLANG_WARN_QUOTED_INCLUDE_IN_FRAMEWORK_HEADER = YES;
				CLANG_WARN_RANGE_LOOP_ANALYSIS = YES;
				CLANG_WARN_STRICT_PROTOTYPES = YES;
				CLANG_WARN_SUSPICIOUS_MOVE = YES;
				CLANG_WARN_UNGUARDED_AVAILABILITY = YES_AGGRESSIVE;
				CLANG_WARN_UNREACHABLE_CODE = YES;
				CLANG_WARN__DUPLICATE_METHOD_MATCH = YES;
				COPY_PHASE_STRIP = NO;
				DEBUG_INFORMATION_FORMAT = "dwarf-with-dsym";
				ENABLE_NS_ASSERTIONS = NO;
				ENABLE_STRICT_OBJC_MSGSEND = YES;
				GCC_C_LANGUAGE_STANDARD = gnu11;
				GCC_NO_COMMON_BLOCKS = YES;
				GCC_WARN_64_TO_32_BIT_CONVERSION = YES;
				GCC_WARN_ABOUT_RETURN_TYPE = YES_ERROR;
				GCC_WARN_UNDECLARED_SELECTOR = YES;
				GCC_WARN_UNINITIALIZED_AUTOS = YES_AGGRESSIVE;
				GCC_WARN_UNUSED_FUNCTION = YES;
				GCC_WARN_UNUSED_VARIABLE = YES;
				IPHONEOS_DEPLOYMENT_TARGET = 14.5;
				MTL_ENABLE_DEBUG_INFO = NO;
				MTL_FAST_MATH = YES;
				SDKROOT = iphoneos;
				SWIFT_COMPILATION_MODE = wholemodule;
				SWIFT_OPTIMIZATION_LEVEL = "-O";
				VALIDATE_PRODUCT = YES;
			};
			name = Release;
		};
		03E3138226E1ADE40037A72F /* Debug */ = {
			isa = XCBuildConfiguration;
			buildSettings = {
				ASSETCATALOG_COMPILER_APPICON_NAME = AppIcon;
				ASSETCATALOG_COMPILER_GLOBAL_ACCENT_COLOR_NAME = AccentColor;
				CODE_SIGN_STYLE = Automatic;
				DEVELOPMENT_ASSET_PATHS = "\"Crypto/Preview Content\"";
				DEVELOPMENT_TEAM = FC72V2DFHU;
				ENABLE_PREVIEWS = YES;
				INFOPLIST_FILE = Crypto/Info.plist;
				IPHONEOS_DEPLOYMENT_TARGET = 14.0;
				LD_RUNPATH_SEARCH_PATHS = (
					"$(inherited)",
					"@executable_path/Frameworks",
				);
				PRODUCT_BUNDLE_IDENTIFIER = elliot.ho.1911.Crypto;
				PRODUCT_NAME = "$(TARGET_NAME)";
				SWIFT_VERSION = 5.0;
				TARGETED_DEVICE_FAMILY = "1,2";
			};
			name = Debug;
		};
		03E3138326E1ADE40037A72F /* Release */ = {
			isa = XCBuildConfiguration;
			buildSettings = {
				ASSETCATALOG_COMPILER_APPICON_NAME = AppIcon;
				ASSETCATALOG_COMPILER_GLOBAL_ACCENT_COLOR_NAME = AccentColor;
				CODE_SIGN_STYLE = Automatic;
				DEVELOPMENT_ASSET_PATHS = "\"Crypto/Preview Content\"";
				DEVELOPMENT_TEAM = FC72V2DFHU;
				ENABLE_PREVIEWS = YES;
				INFOPLIST_FILE = Crypto/Info.plist;
				IPHONEOS_DEPLOYMENT_TARGET = 14.0;
				LD_RUNPATH_SEARCH_PATHS = (
					"$(inherited)",
					"@executable_path/Frameworks",
				);
				PRODUCT_BUNDLE_IDENTIFIER = elliot.ho.1911.Crypto;
				PRODUCT_NAME = "$(TARGET_NAME)";
				SWIFT_VERSION = 5.0;
				TARGETED_DEVICE_FAMILY = "1,2";
			};
			name = Release;
		};
/* End XCBuildConfiguration section */

/* Begin XCConfigurationList section */
		03E3136D26E1ADE00037A72F /* Build configuration list for PBXProject "Crypto" */ = {
			isa = XCConfigurationList;
			buildConfigurations = (
				03E3137F26E1ADE40037A72F /* Debug */,
				03E3138026E1ADE40037A72F /* Release */,
			);
			defaultConfigurationIsVisible = 0;
			defaultConfigurationName = Release;
		};
		03E3138126E1ADE40037A72F /* Build configuration list for PBXNativeTarget "Crypto" */ = {
			isa = XCConfigurationList;
			buildConfigurations = (
				03E3138226E1ADE40037A72F /* Debug */,
				03E3138326E1ADE40037A72F /* Release */,
			);
			defaultConfigurationIsVisible = 0;
			defaultConfigurationName = Release;
		};
/* End XCConfigurationList section */

/* Begin XCVersionGroup section */
		03149BCB26E2DB4100C63BB4 /* CryptoPortfolio.xcdatamodeld */ = {
			isa = XCVersionGroup;
			children = (
				03149BCC26E2DB4100C63BB4 /* CryptoPortfolio.xcdatamodel */,
			);
			currentVersion = 03149BCC26E2DB4100C63BB4 /* CryptoPortfolio.xcdatamodel */;
			path = CryptoPortfolio.xcdatamodeld;
			sourceTree = "<group>";
			versionGroupType = wrapper.xcdatamodel;
		};
/* End XCVersionGroup section */
	};
	rootObject = 03E3136A26E1ADE00037A72F /* Project object */;
}
